{
	"name": "wepy-plugin-filemin",
	"version": "1.3.12",
	"lockfileVersion": 1,
	"requires": true,
	"dependencies": {
		"pretty-data": {
			"version": "0.40.0",
			"resolved": "https://registry.npmjs.org/pretty-data/-/pretty-data-0.40.0.tgz",
			"integrity": "sha1-Vyqo6iNGdGerlLa1Jmpv2cj93XI="
		}
	}
}
