{
	"name": "@wepy/compiler-stylus",
	"version": "2.0.0",
	"lockfileVersion": 1,
	"requires": true,
	"dependencies": {
		"big.js": {
			"version": "5.2.2",
			"resolved": "https://registry.npmjs.org/big.js/-/big.js-5.2.2.tgz",
			"integrity": "sha512-vyL2OymJxmarO8gxMr0mhChsO9QGwhynfuu4+MHTAW6czfq9humCB7rKpUjDd9YUiDPU4mzpyupFSvOClAwbmQ=="
		},
		"core-util-is": {
			"version": "1.0.2",
			"resolved": "https://registry.npmjs.org/core-util-is/-/core-util-is-1.0.2.tgz",
			"integrity": "sha1-tf1UIgqivFq1eqtxQMlAdUUDwac=",
			"dev": true
		},
		"emojis-list": {
			"version": "2.1.0",
			"resolved": "https://registry.npmjs.org/emojis-list/-/emojis-list-2.1.0.tgz",
			"integrity": "sha1-TapNnbAPmBmIDHn6RXrlsJof04k="
		},
		"enhanced-resolve": {
			"version": "4.1.1",
			"resolved": "https://registry.npmjs.org/enhanced-resolve/-/enhanced-resolve-4.1.1.tgz",
			"integrity": "sha512-98p2zE+rL7/g/DzMHMTF4zZlCgeVdJ7yr6xzEpJRYwFYrGi9ANdn5DnJURg6RpBkyk60XYDnWIv51VfIhfNGuA==",
			"dev": true,
			"requires": {
				"graceful-fs": "4.2.2",
				"memory-fs": "0.5.0",
				"tapable": "1.1.3"
			}
		},
		"errno": {
			"version": "0.1.7",
			"resolved": "https://registry.npmjs.org/errno/-/errno-0.1.7.tgz",
			"integrity": "sha512-MfrRBDWzIWifgq6tJj60gkAwtLNb6sQPlcFrSOflcP1aFmmruKQ2wRnze/8V6kgyz7H3FF8Npzv78mZ7XLLflg==",
			"dev": true,
			"requires": {
				"prr": "1.0.1"
			}
		},
		"fs-extra": {
			"version": "6.0.1",
			"resolved": "https://registry.npmjs.org/fs-extra/-/fs-extra-6.0.1.tgz",
			"integrity": "sha512-GnyIkKhhzXZUWFCaJzvyDLEEgDkPfb4/TPvJCJVuS8MWZgoSsErf++QpiAlDnKFcqhRlm+tIOcencCjyJE6ZCA==",
			"dev": true,
			"requires": {
				"graceful-fs": "4.2.2",
				"jsonfile": "4.0.0",
				"universalify": "0.1.2"
			}
		},
		"graceful-fs": {
			"version": "4.2.2",
			"resolved": "https://registry.npmjs.org/graceful-fs/-/graceful-fs-4.2.2.tgz",
			"integrity": "sha512-IItsdsea19BoLC7ELy13q1iJFNmd7ofZH5+X/pJr90/nRoPEX0DJo1dHDbgtYWOhJhcCgMDTOw84RZ72q6lB+Q==",
			"dev": true
		},
		"inherits": {
			"version": "2.0.3",
			"resolved": "http://registry.npm.taobao.org/inherits/download/inherits-2.0.3.tgz",
			"integrity": "sha1-Yzwsg+PaQqUC9SRmAiSA9CCCYd4=",
			"dev": true
		},
		"isarray": {
			"version": "1.0.0",
			"resolved": "https://registry.npmjs.org/isarray/-/isarray-1.0.0.tgz",
			"integrity": "sha1-u5NdSFgsuhaMBoNJV6VKPgcSTxE=",
			"dev": true
		},
		"json5": {
			"version": "1.0.1",
			"resolved": "https://registry.npmjs.org/json5/-/json5-1.0.1.tgz",
			"integrity": "sha512-aKS4WQjPenRxiQsC93MNfjx+nbF4PAdYzmd/1JIj8HYzqfbu86beTuNgXDzPknWk0n0uARlyewZo4s++ES36Ow==",
			"requires": {
				"minimist": "1.2.0"
			},
			"dependencies": {
				"minimist": {
					"version": "1.2.0",
					"resolved": "https://registry.npmjs.org/minimist/-/minimist-1.2.0.tgz",
					"integrity": "sha1-o1AIsg9BOD7sH7kU9M1d95omQoQ="
				}
			}
		},
		"jsonfile": {
			"version": "4.0.0",
			"resolved": "https://registry.npmjs.org/jsonfile/-/jsonfile-4.0.0.tgz",
			"integrity": "sha1-h3Gq4HmbZAdrdmQPygWPnBDjPss=",
			"dev": true,
			"requires": {
				"graceful-fs": "4.2.2"
			}
		},
		"loader-utils": {
			"version": "1.2.3",
			"resolved": "https://registry.npmjs.org/loader-utils/-/loader-utils-1.2.3.tgz",
			"integrity": "sha512-fkpz8ejdnEMG3s37wGL07iSBDg99O9D5yflE9RGNH3hRdx9SOwYfnGYdZOUIZitN8E+E2vkq3MUMYMvPYl5ZZA==",
			"requires": {
				"big.js": "5.2.2",
				"emojis-list": "2.1.0",
				"json5": "1.0.1"
			}
		},
		"memory-fs": {
			"version": "0.5.0",
			"resolved": "https://registry.npmjs.org/memory-fs/-/memory-fs-0.5.0.tgz",
			"integrity": "sha512-jA0rdU5KoQMC0e6ppoNRtpp6vjFq6+NY7r8hywnC7V+1Xj/MtHwGIbB1QaK/dunyjWteJzmkpd7ooeWg10T7GA==",
			"dev": true,
			"requires": {
				"errno": "0.1.7",
				"readable-stream": "2.3.6"
			}
		},
		"process-nextick-args": {
			"version": "2.0.1",
			"resolved": "https://registry.npmjs.org/process-nextick-args/-/process-nextick-args-2.0.1.tgz",
			"integrity": "sha512-3ouUOpQhtgrbOa17J7+uxOTpITYWaGP7/AhoR3+A+/1e9skrzelGi/dXzEYyvbxubEF6Wn2ypscTKiKJFFn1ag==",
			"dev": true
		},
		"prr": {
			"version": "1.0.1",
			"resolved": "https://registry.npmjs.org/prr/-/prr-1.0.1.tgz",
			"integrity": "sha1-0/wRS6BplaRexok/SEzrHXj19HY=",
			"dev": true
		},
		"readable-stream": {
			"version": "2.3.6",
			"resolved": "https://registry.npmjs.org/readable-stream/-/readable-stream-2.3.6.tgz",
			"integrity": "sha512-tQtKA9WIAhBF3+VLAseyMqZeBjW0AHJoxOtYqSUZNJxauErmLbVm2FW1y+J/YA9dUrAC39ITejlZWhVIwawkKw==",
			"dev": true,
			"requires": {
				"core-util-is": "1.0.2",
				"inherits": "2.0.3",
				"isarray": "1.0.0",
				"process-nextick-args": "2.0.1",
				"safe-buffer": "5.1.2",
				"string_decoder": "1.1.1",
				"util-deprecate": "1.0.2"
			}
		},
		"safe-buffer": {
			"version": "5.1.2",
			"resolved": "https://registry.npmjs.org/safe-buffer/-/safe-buffer-5.1.2.tgz",
			"integrity": "sha512-Gd2UZBJDkXlY7GbJxfsE8/nvKkUEU1G38c1siN6QP6a9PT9MmHB8GnpscSmMJSoF8LOIrt8ud/wPtojys4G6+g==",
			"dev": true
		},
		"string_decoder": {
			"version": "1.1.1",
			"resolved": "https://registry.npmjs.org/string_decoder/-/string_decoder-1.1.1.tgz",
			"integrity": "sha512-n/ShnvDi6FHbbVfviro+WojiFzv+s8MPMHBczVePfUpDJLwoLT0ht1l4YwBCbi8pJAveEEdnkHyPyTP/mzRfwg==",
			"dev": true,
			"requires": {
				"safe-buffer": "5.1.2"
			}
		},
		"tapable": {
			"version": "1.1.3",
			"resolved": "https://registry.npmjs.org/tapable/-/tapable-1.1.3.tgz",
			"integrity": "sha512-4WK/bYZmj8xLr+HUCODHGF1ZFzsYffasLUgEiMBY4fgtltdO6B4WJtlSbPaDTLpYTcGVwM2qLnFTICEcNxs3kA==",
			"dev": true
		},
		"universalify": {
			"version": "0.1.2",
			"resolved": "https://registry.npmjs.org/universalify/-/universalify-0.1.2.tgz",
			"integrity": "sha512-rBJeI5CXAlmy1pV+617WB9J63U6XcazHHF2f2dbJix4XzpUF0RS3Zbj0FGIOCAva5P/d/GBOYaACQ1w+0azUkg==",
			"dev": true
		},
		"util-deprecate": {
			"version": "1.0.2",
			"resolved": "https://registry.npmjs.org/util-deprecate/-/util-deprecate-1.0.2.tgz",
			"integrity": "sha1-RQ1Nyfpw3nMnYvvS1KKJgUGaDM8=",
			"dev": true
		}
	}
}
