{
	"name": "@wepy/compiler-typescript",
	"version": "2.0.0",
	"lockfileVersion": 1,
	"requires": true,
	"dependencies": {
		"typescript": {
			"version": "3.3.3",
			"resolved": "https://registry.npmjs.org/typescript/-/typescript-3.3.3.tgz",
			"integrity": "sha512-Y21Xqe54TBVp+VDSNbuDYdGw0BpoR/Q6wo/+35M8PAU0vipahnyduJWirxxdxjsAkS7hue53x2zp8gz7F05u0A==",
			"dev": true
		}
	}
}
