{
	"name": "wepy-web",
	"version": "1.5.10",
	"lockfileVersion": 1,
	"requires": true,
	"dependencies": {
		"acorn": {
			"version": "5.7.3",
			"resolved": "https://registry.npmjs.org/acorn/-/acorn-5.7.3.tgz",
			"integrity": "sha512-T/zvzYRfbVojPWahDsE5evJdHb3oJoQfFbsrKM7w5Zcs++Tr257tia3BmMP8XYVjp1S9RZXQMh7gao96BlqZOw=="
		},
		"amdefine": {
			"version": "1.0.1",
			"resolved": "https://registry.npmjs.org/amdefine/-/amdefine-1.0.1.tgz",
			"integrity": "sha1-SlKCrBZHKek2Gbz9OtFR+BfOkfU="
		},
		"ast-types": {
			"version": "0.9.6",
			"resolved": "https://registry.npmjs.org/ast-types/-/ast-types-0.9.6.tgz",
			"integrity": "sha1-ECyenpAF0+fjgpvwxPok7oYu6bk="
		},
		"axios": {
			"version": "0.19.0",
			"resolved": "https://registry.npmjs.org/axios/-/axios-0.19.0.tgz",
			"integrity": "sha512-1uvKqKQta3KBxIz14F2v06AEHZ/dIoeKfbTRkK1E5oqjDnuEerLmYTgJB5AiQZHJcljpg1TuRzdjDR06qNk0DQ==",
			"requires": {
				"follow-redirects": "1.5.10",
				"is-buffer": "^2.0.2"
			}
		},
		"balanced-match": {
			"version": "1.0.0",
			"resolved": "https://registry.npmjs.org/balanced-match/-/balanced-match-1.0.0.tgz",
			"integrity": "sha1-ibTRmasr7kneFk6gK4nORi1xt2c="
		},
		"base62": {
			"version": "1.2.8",
			"resolved": "https://registry.npmjs.org/base62/-/base62-1.2.8.tgz",
			"integrity": "sha512-V6YHUbjLxN1ymqNLb1DPHoU1CpfdL7d2YTIp5W3U4hhoG4hhxNmsFDs66M9EXxBiSEke5Bt5dwdfMwwZF70iLA=="
		},
		"brace-expansion": {
			"version": "1.1.11",
			"resolved": "https://registry.npmjs.org/brace-expansion/-/brace-expansion-1.1.11.tgz",
			"integrity": "sha512-iCuPHDFgrHX7H2vEI/5xpz07zSHB00TpugqhmYtVmMO6518mCuRMoOYFldEBl0g187ufozdaHgWKcYFb61qGiA==",
			"requires": {
				"balanced-match": "^1.0.0",
				"concat-map": "0.0.1"
			}
		},
		"commander": {
			"version": "2.18.0",
			"resolved": "https://registry.npmjs.org/commander/-/commander-2.18.0.tgz",
			"integrity": "sha512-6CYPa+JP2ftfRU2qkDK+UTVeQYosOg/2GbcjIcKPHfinyOLPVGXu/ovN86RP49Re5ndJK1N0kuiidFFuepc4ZQ=="
		},
		"commoner": {
			"version": "0.10.8",
			"resolved": "https://registry.npmjs.org/commoner/-/commoner-0.10.8.tgz",
			"integrity": "sha1-NPw2cs0kOT6LtH5wyqApOBH08sU=",
			"requires": {
				"commander": "^2.5.0",
				"detective": "^4.3.1",
				"glob": "^5.0.15",
				"graceful-fs": "^4.1.2",
				"iconv-lite": "^0.4.5",
				"mkdirp": "^0.5.0",
				"private": "^0.1.6",
				"q": "^1.1.2",
				"recast": "^0.11.17"
			}
		},
		"concat-map": {
			"version": "0.0.1",
			"resolved": "https://registry.npmjs.org/concat-map/-/concat-map-0.0.1.tgz",
			"integrity": "sha1-2Klr13/Wjfd5OnMDajug1UBdR3s="
		},
		"debug": {
			"version": "3.1.0",
			"resolved": "https://registry.npmjs.org/debug/-/debug-3.1.0.tgz",
			"integrity": "sha512-OX8XqP7/1a9cqkxYw2yXss15f26NKWBpDXQd0/uK/KPqdQhxbPa994hnzjcE2VqQpDslf55723cKPUOGSmMY3g==",
			"requires": {
				"ms": "2.0.0"
			}
		},
		"defined": {
			"version": "1.0.0",
			"resolved": "https://registry.npmjs.org/defined/-/defined-1.0.0.tgz",
			"integrity": "sha1-yY2bzvdWdBiOEQlpFRGZ45sfppM="
		},
		"detective": {
			"version": "4.7.1",
			"resolved": "https://registry.npmjs.org/detective/-/detective-4.7.1.tgz",
			"integrity": "sha512-H6PmeeUcZloWtdt4DAkFyzFL94arpHr3NOwwmVILFiy+9Qd4JTxxXrzfyGk/lmct2qVGBwTSwSXagqu2BxmWig==",
			"requires": {
				"acorn": "^5.2.1",
				"defined": "^1.0.0"
			}
		},
		"envify": {
			"version": "3.4.1",
			"resolved": "https://registry.npmjs.org/envify/-/envify-3.4.1.tgz",
			"integrity": "sha1-1xIjKejfFoi6dxsSUBkXyc5cvOg=",
			"requires": {
				"jstransform": "^11.0.3",
				"through": "~2.3.4"
			}
		},
		"esprima-fb": {
			"version": "15001.1.0-dev-harmony-fb",
			"resolved": "https://registry.npmjs.org/esprima-fb/-/esprima-fb-15001.1.0-dev-harmony-fb.tgz",
			"integrity": "sha1-MKlHMDxrjV6VW+4rmbHSMyBqaQE="
		},
		"follow-redirects": {
			"version": "1.5.10",
			"resolved": "https://registry.npmjs.org/follow-redirects/-/follow-redirects-1.5.10.tgz",
			"integrity": "sha512-0V5l4Cizzvqt5D44aTXbFZz+FtyXV1vrDN6qrelxtfYQKW0KO0W2T/hkE8xvGa/540LkZlkaUjO4ailYTFtHVQ==",
			"requires": {
				"debug": "=3.1.0"
			}
		},
		"glob": {
			"version": "5.0.15",
			"resolved": "https://registry.npmjs.org/glob/-/glob-5.0.15.tgz",
			"integrity": "sha1-G8k2ueAvSmA/zCIuz3Yz0wuLk7E=",
			"requires": {
				"inflight": "^1.0.4",
				"inherits": "2",
				"minimatch": "2 || 3",
				"once": "^1.3.0",
				"path-is-absolute": "^1.0.0"
			}
		},
		"graceful-fs": {
			"version": "4.1.11",
			"resolved": "https://registry.npmjs.org/graceful-fs/-/graceful-fs-4.1.11.tgz",
			"integrity": "sha1-Dovf5NHduIVNZOBOp8AOKgJuVlg="
		},
		"iconv-lite": {
			"version": "0.4.24",
			"resolved": "https://registry.npmjs.org/iconv-lite/-/iconv-lite-0.4.24.tgz",
			"integrity": "sha512-v3MXnZAcvnywkTUEZomIActle7RXXeedOR31wwl7VlyoXO4Qi9arvSenNQWne1TcRwhCL1HwLI21bEqdpj8/rA==",
			"requires": {
				"safer-buffer": ">= 2.1.2 < 3"
			}
		},
		"inflight": {
			"version": "1.0.6",
			"resolved": "https://registry.npmjs.org/inflight/-/inflight-1.0.6.tgz",
			"integrity": "sha1-Sb1jMdfQLQwJvJEKEHW6gWW1bfk=",
			"requires": {
				"once": "^1.3.0",
				"wrappy": "1"
			}
		},
		"inherits": {
			"version": "2.0.3",
			"resolved": "https://registry.npmjs.org/inherits/-/inherits-2.0.3.tgz",
			"integrity": "sha1-Yzwsg+PaQqUC9SRmAiSA9CCCYd4="
		},
		"is-buffer": {
			"version": "2.0.3",
			"resolved": "https://registry.npmjs.org/is-buffer/-/is-buffer-2.0.3.tgz",
			"integrity": "sha512-U15Q7MXTuZlrbymiz95PJpZxu8IlipAp4dtS3wOdgPXx3mqBnslrWU14kxfHB+Py/+2PVKSr37dMAgM2A4uArw=="
		},
		"jstransform": {
			"version": "11.0.3",
			"resolved": "https://registry.npmjs.org/jstransform/-/jstransform-11.0.3.tgz",
			"integrity": "sha1-CaeJk+CuTU70SH9hVakfYZDLQiM=",
			"requires": {
				"base62": "^1.1.0",
				"commoner": "^0.10.1",
				"esprima-fb": "^15001.1.0-dev-harmony-fb",
				"object-assign": "^2.0.0",
				"source-map": "^0.4.2"
			}
		},
		"minimatch": {
			"version": "3.0.4",
			"resolved": "https://registry.npmjs.org/minimatch/-/minimatch-3.0.4.tgz",
			"integrity": "sha512-yJHVQEhyqPLUTgt9B83PXu6W3rx4MvvHvSUvToogpwoGDOUQ+yDrR0HRot+yOCdCO7u4hX3pWft6kWBBcqh0UA==",
			"requires": {
				"brace-expansion": "^1.1.7"
			}
		},
		"minimist": {
			"version": "0.0.8",
			"resolved": "http://registry.npmjs.org/minimist/-/minimist-0.0.8.tgz",
			"integrity": "sha1-hX/Kv8M5fSYluCKCYuhqp6ARsF0="
		},
		"mkdirp": {
			"version": "0.5.1",
			"resolved": "http://registry.npmjs.org/mkdirp/-/mkdirp-0.5.1.tgz",
			"integrity": "sha1-MAV0OOrGz3+MR2fzhkjWaX11yQM=",
			"requires": {
				"minimist": "0.0.8"
			}
		},
		"ms": {
			"version": "2.0.0",
			"resolved": "https://registry.npmjs.org/ms/-/ms-2.0.0.tgz",
			"integrity": "sha1-VgiurfwAvmwpAd9fmGF4jeDVl8g="
		},
		"object-assign": {
			"version": "2.1.1",
			"resolved": "https://registry.npmjs.org/object-assign/-/object-assign-2.1.1.tgz",
			"integrity": "sha1-Q8NuXVaf+OSBbE76i+AtJpZ8GKo="
		},
		"once": {
			"version": "1.4.0",
			"resolved": "https://registry.npmjs.org/once/-/once-1.4.0.tgz",
			"integrity": "sha1-WDsap3WWHUsROsF9nFC6753Xa9E=",
			"requires": {
				"wrappy": "1"
			}
		},
		"path-is-absolute": {
			"version": "1.0.1",
			"resolved": "https://registry.npmjs.org/path-is-absolute/-/path-is-absolute-1.0.1.tgz",
			"integrity": "sha1-F0uSaHNVNP+8es5r9TpanhtcX18="
		},
		"private": {
			"version": "0.1.8",
			"resolved": "https://registry.npmjs.org/private/-/private-0.1.8.tgz",
			"integrity": "sha512-VvivMrbvd2nKkiG38qjULzlc+4Vx4wm/whI9pQD35YrARNnhxeiRktSOhSukRLFNlzg6Br/cJPet5J/u19r/mg=="
		},
		"q": {
			"version": "1.5.1",
			"resolved": "https://registry.npmjs.org/q/-/q-1.5.1.tgz",
			"integrity": "sha1-fjL3W0E4EpHQRhHxvxQQmsAGUdc="
		},
		"recast": {
			"version": "0.11.23",
			"resolved": "https://registry.npmjs.org/recast/-/recast-0.11.23.tgz",
			"integrity": "sha1-RR/TAEqx5N+bTktmN2sqIZEkYtM=",
			"requires": {
				"ast-types": "0.9.6",
				"esprima": "~3.1.0",
				"private": "~0.1.5",
				"source-map": "~0.5.0"
			},
			"dependencies": {
				"esprima": {
					"version": "3.1.3",
					"resolved": "https://registry.npmjs.org/esprima/-/esprima-3.1.3.tgz",
					"integrity": "sha1-/cpRzuYTOJXjyI1TXOSdv/YqRjM="
				},
				"source-map": {
					"version": "0.5.7",
					"resolved": "https://registry.npmjs.org/source-map/-/source-map-0.5.7.tgz",
					"integrity": "sha1-igOdLRAh0i0eoUyA2OpGi6LvP8w="
				}
			}
		},
		"safer-buffer": {
			"version": "2.1.2",
			"resolved": "https://registry.npmjs.org/safer-buffer/-/safer-buffer-2.1.2.tgz",
			"integrity": "sha512-YZo3K82SD7Riyi0E1EQPojLz7kpepnSQI9IyPbHHg1XXXevb5dJI7tpyN2ADxGcQbHG7vcyRHk0cbwqcQriUtg=="
		},
		"source-map": {
			"version": "0.4.4",
			"resolved": "https://registry.npmjs.org/source-map/-/source-map-0.4.4.tgz",
			"integrity": "sha1-66T12pwNyZneaAMti092FzZSA2s=",
			"requires": {
				"amdefine": ">=0.0.4"
			}
		},
		"through": {
			"version": "2.3.8",
			"resolved": "http://registry.npmjs.org/through/-/through-2.3.8.tgz",
			"integrity": "sha1-DdTJ/6q8NXlgsbckEV1+Doai4fU="
		},
		"vue": {
			"version": "1.0.28",
			"resolved": "https://registry.npmjs.org/vue/-/vue-1.0.28.tgz",
			"integrity": "sha1-7S/weyAL3hXIepDvhyfO6n04Vn0=",
			"requires": {
				"envify": "^3.4.0"
			}
		},
		"vue-router": {
			"version": "0.7.13",
			"resolved": "https://registry.npmjs.org/vue-router/-/vue-router-0.7.13.tgz",
			"integrity": "sha1-4fDwQqwlYVBLJ/Rvbc0XuDKxyNE="
		},
		"wrappy": {
			"version": "1.0.2",
			"resolved": "https://registry.npmjs.org/wrappy/-/wrappy-1.0.2.tgz",
			"integrity": "sha1-tSQ9jz7BqjXxNkYFvA0QNuMKtp8="
		}
	}
}
