{
	"name": "wepy-compiler-pug",
	"version": "1.4.7",
	"lockfileVersion": 1,
	"requires": true,
	"dependencies": {
		"@types/babel-types": {
			"version": "7.0.4",
			"resolved": "https://registry.npmjs.org/@types/babel-types/-/babel-types-7.0.4.tgz",
			"integrity": "sha512-WiZhq3SVJHFRgRYLXvpf65XnV6ipVHhnNaNvE8yCimejrGglkg38kEj0JcizqwSHxmPSjcTlig/6JouxLGEhGw=="
		},
		"@types/babylon": {
			"version": "6.16.3",
			"resolved": "https://registry.npmjs.org/@types/babylon/-/babylon-6.16.3.tgz",
			"integrity": "sha512-lyJ8sW1PbY3uwuvpOBZ9zMYKshMnQpXmeDHh8dj9j2nJm/xrW0FgB5gLSYOArj5X0IfaXnmhFoJnhS4KbqIMug==",
			"requires": {
				"@types/babel-types": "*"
			}
		},
		"acorn": {
			"version": "3.3.0",
			"resolved": "http://registry.npmjs.org/acorn/-/acorn-3.3.0.tgz",
			"integrity": "sha1-ReN/s56No/JbruP/U2niu18iAXo="
		},
		"acorn-globals": {
			"version": "3.1.0",
			"resolved": "https://registry.npmjs.org/acorn-globals/-/acorn-globals-3.1.0.tgz",
			"integrity": "sha1-/YJw9x+7SZawBPqIDuXUZXOnMb8=",
			"requires": {
				"acorn": "^4.0.4"
			},
			"dependencies": {
				"acorn": {
					"version": "4.0.13",
					"resolved": "https://registry.npmjs.org/acorn/-/acorn-4.0.13.tgz",
					"integrity": "sha1-EFSVrlNh1pe9GVyCUZLhrX8lN4c="
				}
			}
		},
		"align-text": {
			"version": "0.1.4",
			"resolved": "https://registry.npmjs.org/align-text/-/align-text-0.1.4.tgz",
			"integrity": "sha1-DNkKVhCT810KmSVsIrcGlDP60Rc=",
			"requires": {
				"kind-of": "^3.0.2",
				"longest": "^1.0.1",
				"repeat-string": "^1.5.2"
			}
		},
		"asap": {
			"version": "2.0.6",
			"resolved": "https://registry.npmjs.org/asap/-/asap-2.0.6.tgz",
			"integrity": "sha1-5QNHYR1+aQlDIIu9r+vLwvuGbUY="
		},
		"babel-runtime": {
			"version": "6.26.0",
			"resolved": "https://registry.npmjs.org/babel-runtime/-/babel-runtime-6.26.0.tgz",
			"integrity": "sha1-llxwWGaOgrVde/4E/yM3vItWR/4=",
			"requires": {
				"core-js": "^2.4.0",
				"regenerator-runtime": "^0.11.0"
			}
		},
		"babel-types": {
			"version": "6.26.0",
			"resolved": "https://registry.npmjs.org/babel-types/-/babel-types-6.26.0.tgz",
			"integrity": "sha1-o7Bz+Uq0nrb6Vc1lInozQ4BjJJc=",
			"requires": {
				"babel-runtime": "^6.26.0",
				"esutils": "^2.0.2",
				"lodash": "^4.17.4",
				"to-fast-properties": "^1.0.3"
			}
		},
		"babylon": {
			"version": "6.18.0",
			"resolved": "https://registry.npmjs.org/babylon/-/babylon-6.18.0.tgz",
			"integrity": "sha512-q/UEjfGJ2Cm3oKV71DJz9d25TPnq5rhBVL2Q4fA5wcC3jcrdn7+SssEybFIxwAvvP+YCsCYNKughoF33GxgycQ=="
		},
		"camelcase": {
			"version": "1.2.1",
			"resolved": "https://registry.npmjs.org/camelcase/-/camelcase-1.2.1.tgz",
			"integrity": "sha1-m7UwTS4LVmmLLHWLCKPqqdqlijk="
		},
		"center-align": {
			"version": "0.1.3",
			"resolved": "https://registry.npmjs.org/center-align/-/center-align-0.1.3.tgz",
			"integrity": "sha1-qg0yYptu6XIgBBHL1EYckHvCt60=",
			"requires": {
				"align-text": "^0.1.3",
				"lazy-cache": "^1.0.3"
			}
		},
		"character-parser": {
			"version": "2.2.0",
			"resolved": "https://registry.npmjs.org/character-parser/-/character-parser-2.2.0.tgz",
			"integrity": "sha1-x84o821LzZdE5f/CxfzeHHMmH8A=",
			"requires": {
				"is-regex": "^1.0.3"
			}
		},
		"clean-css": {
			"version": "4.2.1",
			"resolved": "https://registry.npmjs.org/clean-css/-/clean-css-4.2.1.tgz",
			"integrity": "sha512-4ZxI6dy4lrY6FHzfiy1aEOXgu4LIsW2MhwG0VBKdcoGoH/XLFgaHSdLTGr4O8Be6A8r3MOphEiI8Gc1n0ecf3g==",
			"requires": {
				"source-map": "~0.6.0"
			}
		},
		"cliui": {
			"version": "2.1.0",
			"resolved": "https://registry.npmjs.org/cliui/-/cliui-2.1.0.tgz",
			"integrity": "sha1-S0dXYP+AJkx2LDoXGQMukcf+oNE=",
			"requires": {
				"center-align": "^0.1.1",
				"right-align": "^0.1.1",
				"wordwrap": "0.0.2"
			}
		},
		"constantinople": {
			"version": "3.1.2",
			"resolved": "https://registry.npmjs.org/constantinople/-/constantinople-3.1.2.tgz",
			"integrity": "sha512-yePcBqEFhLOqSBtwYOGGS1exHo/s1xjekXiinh4itpNQGCu4KA1euPh1fg07N2wMITZXQkBz75Ntdt1ctGZouw==",
			"requires": {
				"@types/babel-types": "^7.0.0",
				"@types/babylon": "^6.16.2",
				"babel-types": "^6.26.0",
				"babylon": "^6.18.0"
			}
		},
		"core-js": {
			"version": "2.5.7",
			"resolved": "https://registry.npmjs.org/core-js/-/core-js-2.5.7.tgz",
			"integrity": "sha512-RszJCAxg/PP6uzXVXL6BsxSXx/B05oJAQ2vkJRjyjrEcNVycaqOmNb5OTxZPE3xa5gwZduqza6L9JOCenh/Ecw=="
		},
		"decamelize": {
			"version": "1.2.0",
			"resolved": "https://registry.npmjs.org/decamelize/-/decamelize-1.2.0.tgz",
			"integrity": "sha1-9lNNFRSCabIDUue+4m9QH5oZEpA="
		},
		"doctypes": {
			"version": "1.1.0",
			"resolved": "https://registry.npmjs.org/doctypes/-/doctypes-1.1.0.tgz",
			"integrity": "sha1-6oCxBqh1OHdOijpKWv4pPeSJ4Kk="
		},
		"esutils": {
			"version": "2.0.2",
			"resolved": "https://registry.npmjs.org/esutils/-/esutils-2.0.2.tgz",
			"integrity": "sha1-Cr9PHKpbyx96nYrMbepPqqBLrJs="
		},
		"function-bind": {
			"version": "1.1.1",
			"resolved": "https://registry.npmjs.org/function-bind/-/function-bind-1.1.1.tgz",
			"integrity": "sha512-yIovAzMX49sF8Yl58fSCWJ5svSLuaibPxXQJFLmBObTuCr0Mf1KiPopGM9NiFjiYBCbfaa2Fh6breQ6ANVTI0A=="
		},
		"has": {
			"version": "1.0.3",
			"resolved": "https://registry.npmjs.org/has/-/has-1.0.3.tgz",
			"integrity": "sha512-f2dvO0VU6Oej7RkWJGrehjbzMAjFp5/VKPp5tTpWIV4JHHZK1/BxbFRtf/siA2SWTe09caDmVtYYzWEIbBS4zw==",
			"requires": {
				"function-bind": "^1.1.1"
			}
		},
		"is-buffer": {
			"version": "1.1.6",
			"resolved": "https://registry.npmjs.org/is-buffer/-/is-buffer-1.1.6.tgz",
			"integrity": "sha512-NcdALwpXkTm5Zvvbk7owOUSvVvBKDgKP5/ewfXEznmQFfs4ZRmanOeKBTjRVjka3QFoN6XJ+9F3USqfHqTaU5w=="
		},
		"is-expression": {
			"version": "3.0.0",
			"resolved": "https://registry.npmjs.org/is-expression/-/is-expression-3.0.0.tgz",
			"integrity": "sha1-Oayqa+f9HzRx3ELHQW5hwkMXrJ8=",
			"requires": {
				"acorn": "~4.0.2",
				"object-assign": "^4.0.1"
			},
			"dependencies": {
				"acorn": {
					"version": "4.0.13",
					"resolved": "https://registry.npmjs.org/acorn/-/acorn-4.0.13.tgz",
					"integrity": "sha1-EFSVrlNh1pe9GVyCUZLhrX8lN4c="
				}
			}
		},
		"is-promise": {
			"version": "2.1.0",
			"resolved": "https://registry.npmjs.org/is-promise/-/is-promise-2.1.0.tgz",
			"integrity": "sha1-eaKp7OfwlugPNtKy87wWwf9L8/o="
		},
		"is-regex": {
			"version": "1.0.4",
			"resolved": "https://registry.npmjs.org/is-regex/-/is-regex-1.0.4.tgz",
			"integrity": "sha1-VRdIm1RwkbCTDglWVM7SXul+lJE=",
			"requires": {
				"has": "^1.0.1"
			}
		},
		"js-stringify": {
			"version": "1.0.2",
			"resolved": "https://registry.npmjs.org/js-stringify/-/js-stringify-1.0.2.tgz",
			"integrity": "sha1-Fzb939lyTyijaCrcYjCufk6Weds="
		},
		"jstransformer": {
			"version": "1.0.0",
			"resolved": "https://registry.npmjs.org/jstransformer/-/jstransformer-1.0.0.tgz",
			"integrity": "sha1-7Yvwkh4vPx7U1cGkT2hwntJHIsM=",
			"requires": {
				"is-promise": "^2.0.0",
				"promise": "^7.0.1"
			}
		},
		"kind-of": {
			"version": "3.2.2",
			"resolved": "https://registry.npmjs.org/kind-of/-/kind-of-3.2.2.tgz",
			"integrity": "sha1-MeohpzS6ubuw8yRm2JOupR5KPGQ=",
			"requires": {
				"is-buffer": "^1.1.5"
			}
		},
		"lazy-cache": {
			"version": "1.0.4",
			"resolved": "https://registry.npmjs.org/lazy-cache/-/lazy-cache-1.0.4.tgz",
			"integrity": "sha1-odePw6UEdMuAhF07O24dpJpEbo4="
		},
		"lodash": {
			"version": "4.17.11",
			"resolved": "https://registry.npmjs.org/lodash/-/lodash-4.17.11.tgz",
			"integrity": "sha512-cQKh8igo5QUhZ7lg38DYWAxMvjSAKG0A8wGSVimP07SIUEK2UO+arSRKbRZWtelMtN5V0Hkwh5ryOto/SshYIg=="
		},
		"longest": {
			"version": "1.0.1",
			"resolved": "https://registry.npmjs.org/longest/-/longest-1.0.1.tgz",
			"integrity": "sha1-MKCy2jj3N3DoKUoNIuZiXtd9AJc="
		},
		"object-assign": {
			"version": "4.1.1",
			"resolved": "https://registry.npmjs.org/object-assign/-/object-assign-4.1.1.tgz",
			"integrity": "sha1-IQmtx5ZYh8/AXLvUQsrIv7s2CGM="
		},
		"path-parse": {
			"version": "1.0.6",
			"resolved": "https://registry.npmjs.org/path-parse/-/path-parse-1.0.6.tgz",
			"integrity": "sha512-GSmOT2EbHrINBf9SR7CDELwlJ8AENk3Qn7OikK4nFYAu3Ote2+JYNVvkpAEQm3/TLNEJFD/xZJjzyxg3KBWOzw=="
		},
		"promise": {
			"version": "7.3.1",
			"resolved": "https://registry.npmjs.org/promise/-/promise-7.3.1.tgz",
			"integrity": "sha512-nolQXZ/4L+bP/UGlkfaIujX9BKxGwmQ9OT4mOt5yvy8iK1h3wqTEJCijzGANTCCl9nWjY41juyAn2K3Q1hLLTg==",
			"requires": {
				"asap": "~2.0.3"
			}
		},
		"pug": {
			"version": "2.0.3",
			"resolved": "https://registry.npmjs.org/pug/-/pug-2.0.3.tgz",
			"integrity": "sha1-ccuoJTfJWl6rftBGluQiH1Oqh44=",
			"requires": {
				"pug-code-gen": "^2.0.1",
				"pug-filters": "^3.1.0",
				"pug-lexer": "^4.0.0",
				"pug-linker": "^3.0.5",
				"pug-load": "^2.0.11",
				"pug-parser": "^5.0.0",
				"pug-runtime": "^2.0.4",
				"pug-strip-comments": "^1.0.3"
			}
		},
		"pug-attrs": {
			"version": "2.0.3",
			"resolved": "https://registry.npmjs.org/pug-attrs/-/pug-attrs-2.0.3.tgz",
			"integrity": "sha1-owlflw5kFR972tlX7vVftdeQXRU=",
			"requires": {
				"constantinople": "^3.0.1",
				"js-stringify": "^1.0.1",
				"pug-runtime": "^2.0.4"
			}
		},
		"pug-code-gen": {
			"version": "2.0.1",
			"resolved": "https://registry.npmjs.org/pug-code-gen/-/pug-code-gen-2.0.1.tgz",
			"integrity": "sha1-CVHsgyJddNjPxHan+Zolm199BQw=",
			"requires": {
				"constantinople": "^3.0.1",
				"doctypes": "^1.1.0",
				"js-stringify": "^1.0.1",
				"pug-attrs": "^2.0.3",
				"pug-error": "^1.3.2",
				"pug-runtime": "^2.0.4",
				"void-elements": "^2.0.1",
				"with": "^5.0.0"
			}
		},
		"pug-error": {
			"version": "1.3.2",
			"resolved": "https://registry.npmjs.org/pug-error/-/pug-error-1.3.2.tgz",
			"integrity": "sha1-U659nSm7A89WRJOgJhCfVMR/XyY="
		},
		"pug-filters": {
			"version": "3.1.0",
			"resolved": "https://registry.npmjs.org/pug-filters/-/pug-filters-3.1.0.tgz",
			"integrity": "sha1-JxZVVbwEwjbkqisDZiRt+gIbYm4=",
			"requires": {
				"clean-css": "^4.1.11",
				"constantinople": "^3.0.1",
				"jstransformer": "1.0.0",
				"pug-error": "^1.3.2",
				"pug-walk": "^1.1.7",
				"resolve": "^1.1.6",
				"uglify-js": "^2.6.1"
			}
		},
		"pug-lexer": {
			"version": "4.0.0",
			"resolved": "https://registry.npmjs.org/pug-lexer/-/pug-lexer-4.0.0.tgz",
			"integrity": "sha1-IQwYRX7y4XYCQnQMXmR715TOwng=",
			"requires": {
				"character-parser": "^2.1.1",
				"is-expression": "^3.0.0",
				"pug-error": "^1.3.2"
			}
		},
		"pug-linker": {
			"version": "3.0.5",
			"resolved": "https://registry.npmjs.org/pug-linker/-/pug-linker-3.0.5.tgz",
			"integrity": "sha1-npp65ABWgtAn3uuWsAD4juuDoC8=",
			"requires": {
				"pug-error": "^1.3.2",
				"pug-walk": "^1.1.7"
			}
		},
		"pug-load": {
			"version": "2.0.11",
			"resolved": "https://registry.npmjs.org/pug-load/-/pug-load-2.0.11.tgz",
			"integrity": "sha1-5kjlftET/iwfRdV4WOorrWvAFSc=",
			"requires": {
				"object-assign": "^4.1.0",
				"pug-walk": "^1.1.7"
			}
		},
		"pug-parser": {
			"version": "5.0.0",
			"resolved": "https://registry.npmjs.org/pug-parser/-/pug-parser-5.0.0.tgz",
			"integrity": "sha1-45Stmz/KkxI5QK/4hcBuRKt+aOQ=",
			"requires": {
				"pug-error": "^1.3.2",
				"token-stream": "0.0.1"
			}
		},
		"pug-runtime": {
			"version": "2.0.4",
			"resolved": "https://registry.npmjs.org/pug-runtime/-/pug-runtime-2.0.4.tgz",
			"integrity": "sha1-4XjhvaaKsujArPybztLFT9iM61g="
		},
		"pug-strip-comments": {
			"version": "1.0.3",
			"resolved": "https://registry.npmjs.org/pug-strip-comments/-/pug-strip-comments-1.0.3.tgz",
			"integrity": "sha1-8VWVkiBu3G+FMQ2s9K+0igJa9Z8=",
			"requires": {
				"pug-error": "^1.3.2"
			}
		},
		"pug-walk": {
			"version": "1.1.7",
			"resolved": "https://registry.npmjs.org/pug-walk/-/pug-walk-1.1.7.tgz",
			"integrity": "sha1-wA1cUSi6xYBr7BXSt+fNq+QlMfM="
		},
		"regenerator-runtime": {
			"version": "0.11.1",
			"resolved": "https://registry.npmjs.org/regenerator-runtime/-/regenerator-runtime-0.11.1.tgz",
			"integrity": "sha512-MguG95oij0fC3QV3URf4V2SDYGJhJnJGqvIIgdECeODCT98wSWDAJ94SSuVpYQUoTcGUIL6L4yNB7j1DFFHSBg=="
		},
		"repeat-string": {
			"version": "1.6.1",
			"resolved": "https://registry.npmjs.org/repeat-string/-/repeat-string-1.6.1.tgz",
			"integrity": "sha1-jcrkcOHIirwtYA//Sndihtp15jc="
		},
		"resolve": {
			"version": "1.8.1",
			"resolved": "https://registry.npmjs.org/resolve/-/resolve-1.8.1.tgz",
			"integrity": "sha512-AicPrAC7Qu1JxPCZ9ZgCZlY35QgFnNqc+0LtbRNxnVw4TXvjQ72wnuL9JQcEBgXkI9JM8MsT9kaQoHcpCRJOYA==",
			"requires": {
				"path-parse": "^1.0.5"
			}
		},
		"right-align": {
			"version": "0.1.3",
			"resolved": "https://registry.npmjs.org/right-align/-/right-align-0.1.3.tgz",
			"integrity": "sha1-YTObci/mo1FWiSENJOFMlhSGE+8=",
			"requires": {
				"align-text": "^0.1.1"
			}
		},
		"source-map": {
			"version": "0.6.1",
			"resolved": "https://registry.npmjs.org/source-map/-/source-map-0.6.1.tgz",
			"integrity": "sha512-UjgapumWlbMhkBgzT7Ykc5YXUT46F0iKu8SGXq0bcwP5dz/h0Plj6enJqjz1Zbq2l5WaqYnrVbwWOWMyF3F47g=="
		},
		"to-fast-properties": {
			"version": "1.0.3",
			"resolved": "https://registry.npmjs.org/to-fast-properties/-/to-fast-properties-1.0.3.tgz",
			"integrity": "sha1-uDVx+k2MJbguIxsG46MFXeTKGkc="
		},
		"token-stream": {
			"version": "0.0.1",
			"resolved": "https://registry.npmjs.org/token-stream/-/token-stream-0.0.1.tgz",
			"integrity": "sha1-zu78cXp2xDFvEm0LnbqlXX598Bo="
		},
		"uglify-js": {
			"version": "2.8.29",
			"resolved": "https://registry.npmjs.org/uglify-js/-/uglify-js-2.8.29.tgz",
			"integrity": "sha1-KcVzMUgFe7Th913zW3qcty5qWd0=",
			"requires": {
				"source-map": "~0.5.1",
				"uglify-to-browserify": "~1.0.0",
				"yargs": "~3.10.0"
			},
			"dependencies": {
				"source-map": {
					"version": "0.5.7",
					"resolved": "https://registry.npmjs.org/source-map/-/source-map-0.5.7.tgz",
					"integrity": "sha1-igOdLRAh0i0eoUyA2OpGi6LvP8w="
				}
			}
		},
		"uglify-to-browserify": {
			"version": "1.0.2",
			"resolved": "https://registry.npmjs.org/uglify-to-browserify/-/uglify-to-browserify-1.0.2.tgz",
			"integrity": "sha1-bgkk1r2mta/jSeOabWMoUKD4grc=",
			"optional": true
		},
		"void-elements": {
			"version": "2.0.1",
			"resolved": "https://registry.npmjs.org/void-elements/-/void-elements-2.0.1.tgz",
			"integrity": "sha1-wGavtYK7HLQSjWDqkjkulNXp2+w="
		},
		"window-size": {
			"version": "0.1.0",
			"resolved": "https://registry.npmjs.org/window-size/-/window-size-0.1.0.tgz",
			"integrity": "sha1-VDjNLqk7IC76Ohn+iIeu58lPnJ0="
		},
		"with": {
			"version": "5.1.1",
			"resolved": "https://registry.npmjs.org/with/-/with-5.1.1.tgz",
			"integrity": "sha1-+k2qktrzLE6pTtRTyB8EaGtXXf4=",
			"requires": {
				"acorn": "^3.1.0",
				"acorn-globals": "^3.0.0"
			}
		},
		"wordwrap": {
			"version": "0.0.2",
			"resolved": "https://registry.npmjs.org/wordwrap/-/wordwrap-0.0.2.tgz",
			"integrity": "sha1-t5Zpu0LstAn4PVg8rVLKF+qhZD8="
		},
		"yargs": {
			"version": "3.10.0",
			"resolved": "http://registry.npmjs.org/yargs/-/yargs-3.10.0.tgz",
			"integrity": "sha1-9+572FfdfB0tOMDnTvvWgdFDH9E=",
			"requires": {
				"camelcase": "^1.0.2",
				"cliui": "^2.1.0",
				"decamelize": "^1.0.0",
				"window-size": "0.1.0"
			}
		}
	}
}
