{
	"name": "@wepy/core",
	"version": "2.1.0-alpha.10",
	"lockfileVersion": 1,
	"requires": true,
	"dependencies": {
		"esm": {
			"version": "3.2.25",
			"resolved": "https://registry.npmjs.org/esm/-/esm-3.2.25.tgz",
			"integrity": "sha512-U1suiZ2oDVWv4zPO56S0NcR5QriEahGtdN2OR6FiOG4WJvcjBVFB0qI4+eKoWFH483PKGuLuu6V8Z4T5g63UVA==",
			"dev": true
		},
		"miniprogram-api-typings": {
			"version": "2.10.3-1",
			"resolved": "https://registry.npmjs.org/miniprogram-api-typings/-/miniprogram-api-typings-2.10.3-1.tgz",
			"integrity": "sha512-s5xJzJQMeK2WibXJX/tOG5RqthBE6qXCN1gW/Bk7UQkLzE18+Iws/Lpd9TkH73DEQ/fhLXdJrIJjtTuFDlhT8w=="
		},
		"typescript": {
			"version": "3.8.3",
			"resolved": "https://registry.npmjs.org/typescript/-/typescript-3.8.3.tgz",
			"integrity": "sha512-MYlEfn5VrLNsgudQTVJeNaQFUAI7DkhnOjdpAp4T+ku1TfQClewlbSuTVHiA+8skNBgaf02TL/kLOvig4y3G8w==",
			"dev": true
		}
	}
}
