{
  "name": "wepy",
  "version": "1.7.1",
  "lockfileVersion": 1,
  "requires": true,
  "dependencies": {
    "immutable": {
      "version": "3.8.2",
      "resolved": "https://registry.npmjs.org/immutable/-/immutable-3.8.2.tgz",
      "integrity": "sha1-wkOZUUVbs5kT2vKBN28VMOEErfM=",
      "dev": true
    }
  }
}
