{
	"name": "@wepy/compiler-sass",
	"version": "2.0.3",
	"lockfileVersion": 1,
	"requires": true,
	"dependencies": {
		"anymatch": {
			"version": "3.1.1",
			"resolved": "https://registry.npm.taobao.org/anymatch/download/anymatch-3.1.1.tgz",
			"integrity": "sha1-xV7PAhheJGklk5kxDBc84xIzsUI=",
			"requires": {
				"normalize-path": "^3.0.0",
				"picomatch": "^2.0.4"
			}
		},
		"big.js": {
			"version": "5.2.2",
			"resolved": "https://registry.npmjs.org/big.js/-/big.js-5.2.2.tgz",
			"integrity": "sha512-vyL2OymJxmarO8gxMr0mhChsO9QGwhynfuu4+MHTAW6czfq9humCB7rKpUjDd9YUiDPU4mzpyupFSvOClAwbmQ=="
		},
		"binary-extensions": {
			"version": "2.1.0",
			"resolved": "https://registry.npm.taobao.org/binary-extensions/download/binary-extensions-2.1.0.tgz?cache=0&sync_timestamp=1593261419324&other_urls=https%3A%2F%2Fregistry.npm.taobao.org%2Fbinary-extensions%2Fdownload%2Fbinary-extensions-2.1.0.tgz",
			"integrity": "sha1-MPpAyef+B9vIlWeM0ocCTeokHdk="
		},
		"braces": {
			"version": "3.0.2",
			"resolved": "https://registry.npm.taobao.org/braces/download/braces-3.0.2.tgz",
			"integrity": "sha1-NFThpGLujVmeI23zNs2epPiv4Qc=",
			"requires": {
				"fill-range": "^7.0.1"
			}
		},
		"chokidar": {
			"version": "3.4.0",
			"resolved": "https://registry.npm.taobao.org/chokidar/download/chokidar-3.4.0.tgz?cache=0&sync_timestamp=1587911196018&other_urls=https%3A%2F%2Fregistry.npm.taobao.org%2Fchokidar%2Fdownload%2Fchokidar-3.4.0.tgz",
			"integrity": "sha1-swYRQjzjdjV8dlubj5BLn7o8C+g=",
			"requires": {
				"anymatch": "~3.1.1",
				"braces": "~3.0.2",
				"fsevents": "~2.1.2",
				"glob-parent": "~5.1.0",
				"is-binary-path": "~2.1.0",
				"is-glob": "~4.0.1",
				"normalize-path": "~3.0.0",
				"readdirp": "~3.4.0"
			}
		},
		"core-util-is": {
			"version": "1.0.2",
			"resolved": "https://registry.npmjs.org/core-util-is/-/core-util-is-1.0.2.tgz",
			"integrity": "sha1-tf1UIgqivFq1eqtxQMlAdUUDwac=",
			"dev": true
		},
		"emojis-list": {
			"version": "3.0.0",
			"resolved": "https://registry.npmjs.org/emojis-list/-/emojis-list-3.0.0.tgz",
			"integrity": "sha512-/kyM18EfinwXZbno9FyUGeFh87KC8HRQBQGildHZbEuRyWFOmv1U10o9BBp8XVZDVNNuQKyIGIu5ZYAAXJ0V2Q=="
		},
		"enhanced-resolve": {
			"version": "4.1.1",
			"resolved": "https://registry.npmjs.org/enhanced-resolve/-/enhanced-resolve-4.1.1.tgz",
			"integrity": "sha512-98p2zE+rL7/g/DzMHMTF4zZlCgeVdJ7yr6xzEpJRYwFYrGi9ANdn5DnJURg6RpBkyk60XYDnWIv51VfIhfNGuA==",
			"dev": true,
			"requires": {
				"graceful-fs": "^4.1.2",
				"memory-fs": "^0.5.0",
				"tapable": "^1.0.0"
			}
		},
		"errno": {
			"version": "0.1.7",
			"resolved": "https://registry.npmjs.org/errno/-/errno-0.1.7.tgz",
			"integrity": "sha512-MfrRBDWzIWifgq6tJj60gkAwtLNb6sQPlcFrSOflcP1aFmmruKQ2wRnze/8V6kgyz7H3FF8Npzv78mZ7XLLflg==",
			"dev": true,
			"requires": {
				"prr": "~1.0.1"
			}
		},
		"fill-range": {
			"version": "7.0.1",
			"resolved": "https://registry.npm.taobao.org/fill-range/download/fill-range-7.0.1.tgz",
			"integrity": "sha1-GRmmp8df44ssfHflGYU12prN2kA=",
			"requires": {
				"to-regex-range": "^5.0.1"
			}
		},
		"fsevents": {
			"version": "2.1.3",
			"resolved": "https://registry.npm.taobao.org/fsevents/download/fsevents-2.1.3.tgz",
			"integrity": "sha1-+3OHA66NL5/pAMM4Nt3r7ouX8j4=",
			"optional": true
		},
		"glob-parent": {
			"version": "5.1.1",
			"resolved": "https://registry.npm.taobao.org/glob-parent/download/glob-parent-5.1.1.tgz",
			"integrity": "sha1-tsHvQXxOVmPqSY8cRa+saRa7wik=",
			"requires": {
				"is-glob": "^4.0.1"
			}
		},
		"graceful-fs": {
			"version": "4.2.3",
			"resolved": "https://registry.npmjs.org/graceful-fs/-/graceful-fs-4.2.3.tgz",
			"integrity": "sha512-a30VEBm4PEdx1dRB7MFK7BejejvCvBronbLjht+sHuGYj8PHs7M/5Z+rt5lw551vZ7yfTCj4Vuyy3mSJytDWRQ==",
			"dev": true
		},
		"inherits": {
			"version": "2.0.4",
			"resolved": "https://registry.npmjs.org/inherits/-/inherits-2.0.4.tgz",
			"integrity": "sha512-k/vGaX4/Yla3WzyMCvTQOXYeIHvqOKtnqBduzTHpzpQZzAskKMhZ2K+EnBiSM9zGSoIFeMpXKxa4dYeZIQqewQ==",
			"dev": true
		},
		"is-binary-path": {
			"version": "2.1.0",
			"resolved": "https://registry.npm.taobao.org/is-binary-path/download/is-binary-path-2.1.0.tgz",
			"integrity": "sha1-6h9/O4DwZCNug0cPhsCcJU+0Wwk=",
			"requires": {
				"binary-extensions": "^2.0.0"
			}
		},
		"is-extglob": {
			"version": "2.1.1",
			"resolved": "https://registry.npm.taobao.org/is-extglob/download/is-extglob-2.1.1.tgz",
			"integrity": "sha1-qIwCU1eR8C7TfHahueqXc8gz+MI="
		},
		"is-glob": {
			"version": "4.0.1",
			"resolved": "https://registry.npm.taobao.org/is-glob/download/is-glob-4.0.1.tgz",
			"integrity": "sha1-dWfb6fL14kZ7x3q4PEopSCQHpdw=",
			"requires": {
				"is-extglob": "^2.1.1"
			}
		},
		"is-number": {
			"version": "7.0.0",
			"resolved": "https://registry.npm.taobao.org/is-number/download/is-number-7.0.0.tgz",
			"integrity": "sha1-dTU0W4lnNNX4DE0GxQlVUnoU8Ss="
		},
		"isarray": {
			"version": "1.0.0",
			"resolved": "https://registry.npmjs.org/isarray/-/isarray-1.0.0.tgz",
			"integrity": "sha1-u5NdSFgsuhaMBoNJV6VKPgcSTxE=",
			"dev": true
		},
		"json5": {
			"version": "1.0.1",
			"resolved": "https://registry.npmjs.org/json5/-/json5-1.0.1.tgz",
			"integrity": "sha512-aKS4WQjPenRxiQsC93MNfjx+nbF4PAdYzmd/1JIj8HYzqfbu86beTuNgXDzPknWk0n0uARlyewZo4s++ES36Ow==",
			"requires": {
				"minimist": "^1.2.0"
			}
		},
		"loader-utils": {
			"version": "1.4.0",
			"resolved": "https://registry.npmjs.org/loader-utils/-/loader-utils-1.4.0.tgz",
			"integrity": "sha512-qH0WSMBtn/oHuwjy/NucEgbx5dbxxnxup9s4PVXJUDHZBQY+s0NWA9rJf53RBnQZxfch7euUui7hpoAPvALZdA==",
			"requires": {
				"big.js": "^5.2.2",
				"emojis-list": "^3.0.0",
				"json5": "^1.0.1"
			}
		},
		"memory-fs": {
			"version": "0.5.0",
			"resolved": "https://registry.npmjs.org/memory-fs/-/memory-fs-0.5.0.tgz",
			"integrity": "sha512-jA0rdU5KoQMC0e6ppoNRtpp6vjFq6+NY7r8hywnC7V+1Xj/MtHwGIbB1QaK/dunyjWteJzmkpd7ooeWg10T7GA==",
			"dev": true,
			"requires": {
				"errno": "^0.1.3",
				"readable-stream": "^2.0.1"
			}
		},
		"minimist": {
			"version": "1.2.5",
			"resolved": "https://registry.npmjs.org/minimist/-/minimist-1.2.5.tgz",
			"integrity": "sha512-FM9nNUYrRBAELZQT3xeZQ7fmMOBg6nWNmJKTcgsJeaLstP/UODVpGsr5OhXhhXg6f+qtJ8uiZ+PUxkDWcgIXLw=="
		},
		"normalize-path": {
			"version": "3.0.0",
			"resolved": "https://registry.npm.taobao.org/normalize-path/download/normalize-path-3.0.0.tgz",
			"integrity": "sha1-Dc1p/yOhybEf0JeDFmRKA4ghamU="
		},
		"picomatch": {
			"version": "2.2.2",
			"resolved": "https://registry.npm.taobao.org/picomatch/download/picomatch-2.2.2.tgz",
			"integrity": "sha1-IfMz6ba46v8CRo9RRupAbTRfTa0="
		},
		"process-nextick-args": {
			"version": "2.0.1",
			"resolved": "https://registry.npmjs.org/process-nextick-args/-/process-nextick-args-2.0.1.tgz",
			"integrity": "sha512-3ouUOpQhtgrbOa17J7+uxOTpITYWaGP7/AhoR3+A+/1e9skrzelGi/dXzEYyvbxubEF6Wn2ypscTKiKJFFn1ag==",
			"dev": true
		},
		"prr": {
			"version": "1.0.1",
			"resolved": "https://registry.npmjs.org/prr/-/prr-1.0.1.tgz",
			"integrity": "sha1-0/wRS6BplaRexok/SEzrHXj19HY=",
			"dev": true
		},
		"readable-stream": {
			"version": "2.3.7",
			"resolved": "https://registry.npmjs.org/readable-stream/-/readable-stream-2.3.7.tgz",
			"integrity": "sha512-Ebho8K4jIbHAxnuxi7o42OrZgF/ZTNcsZj6nRKyUmkhLFq8CHItp/fy6hQZuZmP/n3yZ9VBUbp4zz/mX8hmYPw==",
			"dev": true,
			"requires": {
				"core-util-is": "~1.0.0",
				"inherits": "~2.0.3",
				"isarray": "~1.0.0",
				"process-nextick-args": "~2.0.0",
				"safe-buffer": "~5.1.1",
				"string_decoder": "~1.1.1",
				"util-deprecate": "~1.0.1"
			}
		},
		"readdirp": {
			"version": "3.4.0",
			"resolved": "https://registry.npm.taobao.org/readdirp/download/readdirp-3.4.0.tgz",
			"integrity": "sha1-n9zN+ekVWAVEkiGsZF6DA6tbmto=",
			"requires": {
				"picomatch": "^2.2.1"
			}
		},
		"safe-buffer": {
			"version": "5.1.2",
			"resolved": "https://registry.npmjs.org/safe-buffer/-/safe-buffer-5.1.2.tgz",
			"integrity": "sha512-Gd2UZBJDkXlY7GbJxfsE8/nvKkUEU1G38c1siN6QP6a9PT9MmHB8GnpscSmMJSoF8LOIrt8ud/wPtojys4G6+g==",
			"dev": true
		},
		"sass": {
			"version": "1.26.9",
			"resolved": "https://registry.npm.taobao.org/sass/download/sass-1.26.9.tgz",
			"integrity": "sha1-c8EMu4jBKyKp4BB3Jb/WIpb0l48=",
			"requires": {
				"chokidar": ">=2.0.0 <4.0.0"
			}
		},
		"string_decoder": {
			"version": "1.1.1",
			"resolved": "https://registry.npmjs.org/string_decoder/-/string_decoder-1.1.1.tgz",
			"integrity": "sha512-n/ShnvDi6FHbbVfviro+WojiFzv+s8MPMHBczVePfUpDJLwoLT0ht1l4YwBCbi8pJAveEEdnkHyPyTP/mzRfwg==",
			"dev": true,
			"requires": {
				"safe-buffer": "~5.1.0"
			}
		},
		"tapable": {
			"version": "1.1.3",
			"resolved": "https://registry.npmjs.org/tapable/-/tapable-1.1.3.tgz",
			"integrity": "sha512-4WK/bYZmj8xLr+HUCODHGF1ZFzsYffasLUgEiMBY4fgtltdO6B4WJtlSbPaDTLpYTcGVwM2qLnFTICEcNxs3kA==",
			"dev": true
		},
		"to-regex-range": {
			"version": "5.0.1",
			"resolved": "https://registry.npm.taobao.org/to-regex-range/download/to-regex-range-5.0.1.tgz",
			"integrity": "sha1-FkjESq58jZiKMmAY7XL1tN0DkuQ=",
			"requires": {
				"is-number": "^7.0.0"
			}
		},
		"util-deprecate": {
			"version": "1.0.2",
			"resolved": "https://registry.npmjs.org/util-deprecate/-/util-deprecate-1.0.2.tgz",
			"integrity": "sha1-RQ1Nyfpw3nMnYvvS1KKJgUGaDM8=",
			"dev": true
		}
	}
}
