{
  "name": "@wepy/x",
  "version": "2.0.1",
  "lockfileVersion": 1,
  "requires": true,
  "dependencies": {
    "vuex": {
      "version": "3.1.1",
      "resolved": "https://registry.npmjs.org/vuex/-/vuex-3.1.1.tgz",
      "integrity": "sha512-ER5moSbLZuNSMBFnEBVGhQ1uCBNJslH9W/Dw2W7GZN23UQA69uapP5GTT9Vm8Trc0PzBSVt6LzF3hGjmv41xcg=="
    }
  }
}
