{
  "name": "wepy-plugin-autoprefixer",
  "version": "0.0.1",
  "lockfileVersion": 1,
  "requires": true,
  "dependencies": {
    "ansi-styles": {
      "version": "3.2.0",
      "resolved": "https://registry.npmjs.org/ansi-styles/-/ansi-styles-3.2.0.tgz",
      "integrity": "sha512-NnSOmMEYtVR2JVMIGTzynRkkaxtiq1xnFBcdQD/DnNCYPoEPsVJhM98BDyaoNOQIi7p4okdi3E27eN7GQbsUug==",
      "requires": {
        "color-convert": "1.9.0"
      }
    },
    "autoprefixer": {
      "version": "7.1.5",
      "resolved": "https://registry.npmjs.org/autoprefixer/-/autoprefixer-7.1.5.tgz",
      "integrity": "sha512-sMN453qIm8Z+tunzYWW+Y490wWkICHhCYm/VohLjjl+N7ARSFuF5au7E6tr7oEbeeXj8mNjpSw2kxjJaO6YCOw==",
      "requires": {
        "browserslist": "2.5.1",
        "caniuse-lite": "1.0.30000746",
        "normalize-range": "0.1.2",
        "num2fraction": "1.2.2",
        "postcss": "6.0.13",
        "postcss-value-parser": "3.3.0"
      }
    },
    "browserslist": {
      "version": "2.5.1",
      "resolved": "https://registry.npmjs.org/browserslist/-/browserslist-2.5.1.tgz",
      "integrity": "sha512-jAvM2ku7YDJ+leAq3bFH1DE0Ylw+F+EQDq4GkqZfgPEqpWYw9ofQH85uKSB9r3Tv7XDbfqVtE+sdvKJW7IlPJA==",
      "requires": {
        "caniuse-lite": "1.0.30000746",
        "electron-to-chromium": "1.3.26"
      }
    },
    "caniuse-lite": {
      "version": "1.0.30000746",
      "resolved": "https://registry.npmjs.org/caniuse-lite/-/caniuse-lite-1.0.30000746.tgz",
      "integrity": "sha1-xk+Vo5Jc/TAgejCO12wa6W6gnqA="
    },
    "chalk": {
      "version": "2.1.0",
      "resolved": "https://registry.npmjs.org/chalk/-/chalk-2.1.0.tgz",
      "integrity": "sha512-LUHGS/dge4ujbXMJrnihYMcL4AoOweGnw9Tp3kQuqy1Kx5c1qKjqvMJZ6nVJPMWJtKCTN72ZogH3oeSO9g9rXQ==",
      "requires": {
        "ansi-styles": "3.2.0",
        "escape-string-regexp": "1.0.5",
        "supports-color": "4.4.0"
      }
    },
    "color-convert": {
      "version": "1.9.0",
      "resolved": "https://registry.npmjs.org/color-convert/-/color-convert-1.9.0.tgz",
      "integrity": "sha1-Gsz5fdc5uYO/mU1W/sj5WFNkG3o=",
      "requires": {
        "color-name": "1.1.3"
      }
    },
    "color-name": {
      "version": "1.1.3",
      "resolved": "https://registry.npmjs.org/color-name/-/color-name-1.1.3.tgz",
      "integrity": "sha1-p9BVi9icQveV3UIyj3QIMcpTvCU="
    },
    "electron-to-chromium": {
      "version": "1.3.26",
      "resolved": "https://registry.npmjs.org/electron-to-chromium/-/electron-to-chromium-1.3.26.tgz",
      "integrity": "sha1-mWQnKUhhp02cfIK5Jg6jAejALWY="
    },
    "escape-string-regexp": {
      "version": "1.0.5",
      "resolved": "https://registry.npmjs.org/escape-string-regexp/-/escape-string-regexp-1.0.5.tgz",
      "integrity": "sha1-G2HAViGQqN/2rjuyzwIAyhMLhtQ="
    },
    "has-flag": {
      "version": "2.0.0",
      "resolved": "https://registry.npmjs.org/has-flag/-/has-flag-2.0.0.tgz",
      "integrity": "sha1-6CB68cx7MNRGzHC3NLXovhj4jVE="
    },
    "normalize-range": {
      "version": "0.1.2",
      "resolved": "https://registry.npmjs.org/normalize-range/-/normalize-range-0.1.2.tgz",
      "integrity": "sha1-LRDAa9/TEuqXd2laTShDlFa3WUI="
    },
    "num2fraction": {
      "version": "1.2.2",
      "resolved": "https://registry.npmjs.org/num2fraction/-/num2fraction-1.2.2.tgz",
      "integrity": "sha1-b2gragJ6Tp3fpFZM0lidHU5mnt4="
    },
    "postcss": {
      "version": "6.0.13",
      "resolved": "https://registry.npmjs.org/postcss/-/postcss-6.0.13.tgz",
      "integrity": "sha512-nHsrD1PPTMSJDfU+osVsLtPkSP9YGeoOz4FDLN4r1DW4N5vqL1J+gACzTQHsfwIiWG/0/nV4yCzjTMo1zD8U1g==",
      "requires": {
        "chalk": "2.1.0",
        "source-map": "0.6.1",
        "supports-color": "4.4.0"
      }
    },
    "postcss-value-parser": {
      "version": "3.3.0",
      "resolved": "https://registry.npmjs.org/postcss-value-parser/-/postcss-value-parser-3.3.0.tgz",
      "integrity": "sha1-h/OPnxj3dKSrTIojL1xc6IcqnRU="
    },
    "source-map": {
      "version": "0.6.1",
      "resolved": "https://registry.npmjs.org/source-map/-/source-map-0.6.1.tgz",
      "integrity": "sha512-UjgapumWlbMhkBgzT7Ykc5YXUT46F0iKu8SGXq0bcwP5dz/h0Plj6enJqjz1Zbq2l5WaqYnrVbwWOWMyF3F47g=="
    },
    "supports-color": {
      "version": "4.4.0",
      "resolved": "https://registry.npmjs.org/supports-color/-/supports-color-4.4.0.tgz",
      "integrity": "sha512-rKC3+DyXWgK0ZLKwmRsrkyHVZAjNkfzeehuFWdGGcqGDTZFH73+RH6S/RDAAxl9GusSjZSUWYLmT9N5pzXFOXQ==",
      "requires": {
        "has-flag": "2.0.0"
      }
    }
  }
}
